
Microsoft Visual Studio Solution File, Format Version 12.00
# Visual Studio Version 16
VisualStudioVersion = 16.0.31515.178
MinimumVisualStudioVersion = 10.0.40219.1
Project("{8BC9CEB8-8B4A-11D0-8D11-00A0C91BC942}") = "Huffman Code", "Huffman Code\Huffman Code.vcxproj", "{CBDD7034-7261-4BEA-996D-7F207F69C1C3}"
EndProject
Global
	GlobalSection(SolutionConfigurationPlatforms) = preSolution
		Debug|x64 = Debug|x64
		Debug|x86 = Debug|x86
		Release|x64 = Release|x64
		Release|x86 = Release|x86
	EndGlobalSection
	GlobalSection(ProjectConfigurationPlatforms) = postSolution
		{CBDD7034-7261-4BEA-996D-7F207F69C1C3}.Debug|x64.ActiveCfg = Debug|x64
		{CBDD7034-7261-4BEA-996D-7F207F69C1C3}.Debug|x64.Build.0 = Debug|x64
		{CBDD7034-7261-4BEA-996D-7F207F69C1C3}.Debug|x86.ActiveCfg = Debug|Win32
		{CBDD7034-7261-4BEA-996D-7F207F69C1C3}.Debug|x86.Build.0 = Debug|Win32
		{CBDD7034-7261-4BEA-996D-7F207F69C1C3}.Release|x64.ActiveCfg = Release|x64
		{CBDD7034-7261-4BEA-996D-7F207F69C1C3}.Release|x64.Build.0 = Release|x64
		{CBDD7034-7261-4BEA-996D-7F207F69C1C3}.Release|x86.ActiveCfg = Release|Win32
		{CBDD7034-7261-4BEA-996D-7F207F69C1C3}.Release|x86.Build.0 = Release|Win32
	EndGlobalSection
	GlobalSection(SolutionProperties) = preSolution
		HideSolutionNode = FALSE
	EndGlobalSection
	GlobalSection(ExtensibilityGlobals) = postSolution
		SolutionGuid = {42C536EF-93D6-45F9-A590-B6CF516B2141}
	EndGlobalSection
EndGlobal
